
Microsoft Visual Studio Solution File, Format Version 12.00
# Visual Studio Version 17
VisualStudioVersion = 17.0.31903.59
MinimumVisualStudioVersion = 10.0.40219.1
Project("{2150E333-8FDC-42A3-9474-1A3956D46DE8}") = "Bootstrapper", "Bootstrapper", "{C52F91D3-569C-43EB-8AF8-53F000500769}"
EndProject
Project("{2150E333-8FDC-42A3-9474-1A3956D46DE8}") = "Modules", "Modules", "{FC5FE87E-8415-4E68-95BD-F03D5F7C395D}"
EndProject
Project("{2150E333-8FDC-42A3-9474-1A3956D46DE8}") = "Shared", "Shared", "{3296FBEE-BF78-4B37-B796-00A11FA8BE99}"
EndProject
Project("{FAE04EC0-301F-11D3-BF4B-00C04F79EFBC}") = "API", "Bootstrapper\API\API.csproj", "{26C3CC67-F622-416D-8D8F-D555FDDF5F55}"
EndProject
Project("{2150E333-8FDC-42A3-9474-1A3956D46DE8}") = "Catalog", "Catalog", "{BDFD8FAD-7B59-4EAC-B360-4E8058590785}"
EndProject
Project("{2150E333-8FDC-42A3-9474-1A3956D46DE8}") = "Basket", "Basket", "{D116CD96-8160-4C7E-BD8E-5805956CC963}"
EndProject
Project("{2150E333-8FDC-42A3-9474-1A3956D46DE8}") = "Ordering", "Ordering", "{178DCF83-5CDC-4A97-879C-0D2D75296E69}"
EndProject
Project("{FAE04EC0-301F-11D3-BF4B-00C04F79EFBC}") = "Catalog", "Modules\Catalog\Catalog\Catalog.csproj", "{0EEF9F33-C0CC-49E9-A8CB-114F844C518B}"
EndProject
Project("{FAE04EC0-301F-11D3-BF4B-00C04F79EFBC}") = "Basket", "Modules\Basket\Basket\Basket.csproj", "{F36F73C2-D779-4A7E-84D2-940F68CD05BE}"
EndProject
Project("{FAE04EC0-301F-11D3-BF4B-00C04F79EFBC}") = "Ordering", "Modules\Ordering\Ordering\Ordering.csproj", "{62A42039-25E0-465F-A519-A9EE8D0C8053}"
EndProject
Project("{FAE04EC0-301F-11D3-BF4B-00C04F79EFBC}") = "Shared", "Shared\Shared\Shared.csproj", "{8FABB21C-A623-4374-86E0-6AE7572CB8BE}"
EndProject
Global
	GlobalSection(SolutionConfigurationPlatforms) = preSolution
		Debug|Any CPU = Debug|Any CPU
		Release|Any CPU = Release|Any CPU
	EndGlobalSection
	GlobalSection(ProjectConfigurationPlatforms) = postSolution
		{26C3CC67-F622-416D-8D8F-D555FDDF5F55}.Debug|Any CPU.ActiveCfg = Debug|Any CPU
		{26C3CC67-F622-416D-8D8F-D555FDDF5F55}.Debug|Any CPU.Build.0 = Debug|Any CPU
		{26C3CC67-F622-416D-8D8F-D555FDDF5F55}.Release|Any CPU.ActiveCfg = Release|Any CPU
		{26C3CC67-F622-416D-8D8F-D555FDDF5F55}.Release|Any CPU.Build.0 = Release|Any CPU
		{0EEF9F33-C0CC-49E9-A8CB-114F844C518B}.Debug|Any CPU.ActiveCfg = Debug|Any CPU
		{0EEF9F33-C0CC-49E9-A8CB-114F844C518B}.Debug|Any CPU.Build.0 = Debug|Any CPU
		{0EEF9F33-C0CC-49E9-A8CB-114F844C518B}.Release|Any CPU.ActiveCfg = Release|Any CPU
		{0EEF9F33-C0CC-49E9-A8CB-114F844C518B}.Release|Any CPU.Build.0 = Release|Any CPU
		{F36F73C2-D779-4A7E-84D2-940F68CD05BE}.Debug|Any CPU.ActiveCfg = Debug|Any CPU
		{F36F73C2-D779-4A7E-84D2-940F68CD05BE}.Debug|Any CPU.Build.0 = Debug|Any CPU
		{F36F73C2-D779-4A7E-84D2-940F68CD05BE}.Release|Any CPU.ActiveCfg = Release|Any CPU
		{F36F73C2-D779-4A7E-84D2-940F68CD05BE}.Release|Any CPU.Build.0 = Release|Any CPU
		{62A42039-25E0-465F-A519-A9EE8D0C8053}.Debug|Any CPU.ActiveCfg = Debug|Any CPU
		{62A42039-25E0-465F-A519-A9EE8D0C8053}.Debug|Any CPU.Build.0 = Debug|Any CPU
		{62A42039-25E0-465F-A519-A9EE8D0C8053}.Release|Any CPU.ActiveCfg = Release|Any CPU
		{62A42039-25E0-465F-A519-A9EE8D0C8053}.Release|Any CPU.Build.0 = Release|Any CPU
		{8FABB21C-A623-4374-86E0-6AE7572CB8BE}.Debug|Any CPU.ActiveCfg = Debug|Any CPU
		{8FABB21C-A623-4374-86E0-6AE7572CB8BE}.Debug|Any CPU.Build.0 = Debug|Any CPU
		{8FABB21C-A623-4374-86E0-6AE7572CB8BE}.Release|Any CPU.ActiveCfg = Release|Any CPU
		{8FABB21C-A623-4374-86E0-6AE7572CB8BE}.Release|Any CPU.Build.0 = Release|Any CPU
	EndGlobalSection
	GlobalSection(SolutionProperties) = preSolution
		HideSolutionNode = FALSE
	EndGlobalSection
	GlobalSection(NestedProjects) = preSolution
		{26C3CC67-F622-416D-8D8F-D555FDDF5F55} = {C52F91D3-569C-43EB-8AF8-53F000500769}
		{BDFD8FAD-7B59-4EAC-B360-4E8058590785} = {FC5FE87E-8415-4E68-95BD-F03D5F7C395D}
		{D116CD96-8160-4C7E-BD8E-5805956CC963} = {FC5FE87E-8415-4E68-95BD-F03D5F7C395D}
		{178DCF83-5CDC-4A97-879C-0D2D75296E69} = {FC5FE87E-8415-4E68-95BD-F03D5F7C395D}
		{0EEF9F33-C0CC-49E9-A8CB-114F844C518B} = {BDFD8FAD-7B59-4EAC-B360-4E8058590785}
		{F36F73C2-D779-4A7E-84D2-940F68CD05BE} = {D116CD96-8160-4C7E-BD8E-5805956CC963}
		{62A42039-25E0-465F-A519-A9EE8D0C8053} = {178DCF83-5CDC-4A97-879C-0D2D75296E69}
		{8FABB21C-A623-4374-86E0-6AE7572CB8BE} = {3296FBEE-BF78-4B37-B796-00A11FA8BE99}
	EndGlobalSection
EndGlobal
